
Microsoft Visual Studio Solution File, Format Version 12.00
# Visual Studio Version 16
VisualStudioVersion = 16.0.31129.286
MinimumVisualStudioVersion = 10.0.40219.1
Project("{FAE04EC0-301F-11D3-BF4B-00C04F79EFBC}") = "flappybird", "C:\Users\madara\source\repos\flappybird\flappybird\flappybird.csproj", "{F20FC898-5849-4883-90F7-F9140A4BBBB7}"
EndProject
Global
	GlobalSection(SolutionConfigurationPlatforms) = preSolution
		Debug|Any CPU = Debug|Any CPU
		Release|Any CPU = Release|Any CPU
	EndGlobalSection
	GlobalSection(ProjectConfigurationPlatforms) = postSolution
		{F20FC898-5849-4883-90F7-F9140A4BBBB7}.Debug|Any CPU.ActiveCfg = Debug|Any CPU
		{F20FC898-5849-4883-90F7-F9140A4BBBB7}.Debug|Any CPU.Build.0 = Debug|Any CPU
		{F20FC898-5849-4883-90F7-F9140A4BBBB7}.Release|Any CPU.ActiveCfg = Release|Any CPU
		{F20FC898-5849-4883-90F7-F9140A4BBBB7}.Release|Any CPU.Build.0 = Release|Any CPU
	EndGlobalSection
	GlobalSection(SolutionProperties) = preSolution
		HideSolutionNode = FALSE
	EndGlobalSection
	GlobalSection(ExtensibilityGlobals) = postSolution
		SolutionGuid = {359A365D-C27F-4E1D-8FED-BD449582150C}
	EndGlobalSection
EndGlobal
